
Microsoft Visual Studio Solution File, Format Version 12.00
# Visual Studio Version 16
VisualStudioVersion = 16.0.31410.357
MinimumVisualStudioVersion = 10.0.40219.1
Project("{FAE04EC0-301F-11D3-BF4B-00C04F79EFBC}") = "1-SimpleFactory", "SimpleFactory\1-SimpleFactory.csproj", "{B742AD89-B2B1-4BD9-9C4B-23CC305680C3}"
EndProject
Project("{FAE04EC0-301F-11D3-BF4B-00C04F79EFBC}") = "2-StrategyPattern", "StrategyPattern\2-StrategyPattern.csproj", "{F6E0BA2B-9995-4907-99B1-606F286EDF21}"
EndProject
Project("{FAE04EC0-301F-11D3-BF4B-00C04F79EFBC}") = "3-Decorate", "Decorate\3-Decorate.csproj", "{76D2B7EF-8501-4870-BF30-B925857C0590}"
EndProject
Project("{FAE04EC0-301F-11D3-BF4B-00C04F79EFBC}") = "4-Proxy", "Proxy\4-Proxy.csproj", "{CE5A3B1E-CC0F-4659-9DF1-65B64859B9CF}"
EndProject
Project("{FAE04EC0-301F-11D3-BF4B-00C04F79EFBC}") = "5-Factory", "Factory\5-Factory.csproj", "{F626311D-164B-4617-B8E1-2397AB0236E8}"
EndProject
Project("{FAE04EC0-301F-11D3-BF4B-00C04F79EFBC}") = "6-Prototype", "Prototype\6-Prototype.csproj", "{A5566456-905B-4611-A8F0-41818B115AE7}"
EndProject
Project("{FAE04EC0-301F-11D3-BF4B-00C04F79EFBC}") = "7-Template", "Template\7-Template.csproj", "{72BDB6EE-E36D-447B-9D1C-A3E7AD603F6A}"
EndProject
Project("{FAE04EC0-301F-11D3-BF4B-00C04F79EFBC}") = "8-Facade", "Facade\8-Facade.csproj", "{EE275614-4486-4B2B-A1C6-64C6A1A7A5A8}"
EndProject
Project("{FAE04EC0-301F-11D3-BF4B-00C04F79EFBC}") = "9-Builder", "Builder\9-Builder.csproj", "{7B41C63B-DA4C-4116-895D-4AFA174BDA34}"
EndProject
Global
	GlobalSection(SolutionConfigurationPlatforms) = preSolution
		Debug|Any CPU = Debug|Any CPU
		Release|Any CPU = Release|Any CPU
	EndGlobalSection
	GlobalSection(ProjectConfigurationPlatforms) = postSolution
		{B742AD89-B2B1-4BD9-9C4B-23CC305680C3}.Debug|Any CPU.ActiveCfg = Debug|Any CPU
		{B742AD89-B2B1-4BD9-9C4B-23CC305680C3}.Debug|Any CPU.Build.0 = Debug|Any CPU
		{B742AD89-B2B1-4BD9-9C4B-23CC305680C3}.Release|Any CPU.ActiveCfg = Release|Any CPU
		{B742AD89-B2B1-4BD9-9C4B-23CC305680C3}.Release|Any CPU.Build.0 = Release|Any CPU
		{F6E0BA2B-9995-4907-99B1-606F286EDF21}.Debug|Any CPU.ActiveCfg = Debug|Any CPU
		{F6E0BA2B-9995-4907-99B1-606F286EDF21}.Debug|Any CPU.Build.0 = Debug|Any CPU
		{F6E0BA2B-9995-4907-99B1-606F286EDF21}.Release|Any CPU.ActiveCfg = Release|Any CPU
		{F6E0BA2B-9995-4907-99B1-606F286EDF21}.Release|Any CPU.Build.0 = Release|Any CPU
		{76D2B7EF-8501-4870-BF30-B925857C0590}.Debug|Any CPU.ActiveCfg = Debug|Any CPU
		{76D2B7EF-8501-4870-BF30-B925857C0590}.Debug|Any CPU.Build.0 = Debug|Any CPU
		{76D2B7EF-8501-4870-BF30-B925857C0590}.Release|Any CPU.ActiveCfg = Release|Any CPU
		{76D2B7EF-8501-4870-BF30-B925857C0590}.Release|Any CPU.Build.0 = Release|Any CPU
		{CE5A3B1E-CC0F-4659-9DF1-65B64859B9CF}.Debug|Any CPU.ActiveCfg = Debug|Any CPU
		{CE5A3B1E-CC0F-4659-9DF1-65B64859B9CF}.Debug|Any CPU.Build.0 = Debug|Any CPU
		{CE5A3B1E-CC0F-4659-9DF1-65B64859B9CF}.Release|Any CPU.ActiveCfg = Release|Any CPU
		{CE5A3B1E-CC0F-4659-9DF1-65B64859B9CF}.Release|Any CPU.Build.0 = Release|Any CPU
		{F626311D-164B-4617-B8E1-2397AB0236E8}.Debug|Any CPU.ActiveCfg = Debug|Any CPU
		{F626311D-164B-4617-B8E1-2397AB0236E8}.Debug|Any CPU.Build.0 = Debug|Any CPU
		{F626311D-164B-4617-B8E1-2397AB0236E8}.Release|Any CPU.ActiveCfg = Release|Any CPU
		{F626311D-164B-4617-B8E1-2397AB0236E8}.Release|Any CPU.Build.0 = Release|Any CPU
		{A5566456-905B-4611-A8F0-41818B115AE7}.Debug|Any CPU.ActiveCfg = Debug|Any CPU
		{A5566456-905B-4611-A8F0-41818B115AE7}.Debug|Any CPU.Build.0 = Debug|Any CPU
		{A5566456-905B-4611-A8F0-41818B115AE7}.Release|Any CPU.ActiveCfg = Release|Any CPU
		{A5566456-905B-4611-A8F0-41818B115AE7}.Release|Any CPU.Build.0 = Release|Any CPU
		{72BDB6EE-E36D-447B-9D1C-A3E7AD603F6A}.Debug|Any CPU.ActiveCfg = Debug|Any CPU
		{72BDB6EE-E36D-447B-9D1C-A3E7AD603F6A}.Debug|Any CPU.Build.0 = Debug|Any CPU
		{72BDB6EE-E36D-447B-9D1C-A3E7AD603F6A}.Release|Any CPU.ActiveCfg = Release|Any CPU
		{72BDB6EE-E36D-447B-9D1C-A3E7AD603F6A}.Release|Any CPU.Build.0 = Release|Any CPU
		{EE275614-4486-4B2B-A1C6-64C6A1A7A5A8}.Debug|Any CPU.ActiveCfg = Debug|Any CPU
		{EE275614-4486-4B2B-A1C6-64C6A1A7A5A8}.Debug|Any CPU.Build.0 = Debug|Any CPU
		{EE275614-4486-4B2B-A1C6-64C6A1A7A5A8}.Release|Any CPU.ActiveCfg = Release|Any CPU
		{EE275614-4486-4B2B-A1C6-64C6A1A7A5A8}.Release|Any CPU.Build.0 = Release|Any CPU
		{7B41C63B-DA4C-4116-895D-4AFA174BDA34}.Debug|Any CPU.ActiveCfg = Debug|Any CPU
		{7B41C63B-DA4C-4116-895D-4AFA174BDA34}.Debug|Any CPU.Build.0 = Debug|Any CPU
		{7B41C63B-DA4C-4116-895D-4AFA174BDA34}.Release|Any CPU.ActiveCfg = Release|Any CPU
		{7B41C63B-DA4C-4116-895D-4AFA174BDA34}.Release|Any CPU.Build.0 = Release|Any CPU
	EndGlobalSection
	GlobalSection(SolutionProperties) = preSolution
		HideSolutionNode = FALSE
	EndGlobalSection
	GlobalSection(ExtensibilityGlobals) = postSolution
		SolutionGuid = {8CF4D0FE-382C-4E08-A32B-79BF95E63C4E}
	EndGlobalSection
EndGlobal
